{
    "requires": true,
    "lockfileVersion": 1,
    "dependencies": {
        "jqGrid": {
            "version": "5.3.2",
            "resolved": "https://registry.npmjs.org/jqGrid/-/jqGrid-5.3.2.tgz",
            "integrity": "sha512-1seHATW0KJmiuxa+3gBqN3is2p9crx4dEgGGDdC8Wxe7d/4Rt0G9gP5CpNrTwYc//ALxaNQtZbqEPrTy0737ow=="
        }
    }
}
